
Microsoft Visual Studio Solution File, Format Version 12.00
Project("{FAE04EC0-301F-11D3-BF4B-00C04F79EFBC}") = "JsonColumns", "JsonColumns\JsonColumns.csproj", "{B6602BD9-484E-4E2F-829B-6530AC5EE554}"
EndProject
Project("{FAE04EC0-301F-11D3-BF4B-00C04F79EFBC}") = "Benchmarks", "Benchmarks\Benchmarks.csproj", "{94F35CCC-E900-48C2-B6A8-4EAD230356B7}"
EndProject
Global
	GlobalSection(SolutionConfigurationPlatforms) = preSolution
		Debug|Any CPU = Debug|Any CPU
		Release|Any CPU = Release|Any CPU
	EndGlobalSection
	GlobalSection(ProjectConfigurationPlatforms) = postSolution
		{B6602BD9-484E-4E2F-829B-6530AC5EE554}.Debug|Any CPU.ActiveCfg = Debug|Any CPU
		{B6602BD9-484E-4E2F-829B-6530AC5EE554}.Debug|Any CPU.Build.0 = Debug|Any CPU
		{B6602BD9-484E-4E2F-829B-6530AC5EE554}.Release|Any CPU.ActiveCfg = Release|Any CPU
		{B6602BD9-484E-4E2F-829B-6530AC5EE554}.Release|Any CPU.Build.0 = Release|Any CPU
		{94F35CCC-E900-48C2-B6A8-4EAD230356B7}.Debug|Any CPU.ActiveCfg = Debug|Any CPU
		{94F35CCC-E900-48C2-B6A8-4EAD230356B7}.Debug|Any CPU.Build.0 = Debug|Any CPU
		{94F35CCC-E900-48C2-B6A8-4EAD230356B7}.Release|Any CPU.ActiveCfg = Release|Any CPU
		{94F35CCC-E900-48C2-B6A8-4EAD230356B7}.Release|Any CPU.Build.0 = Release|Any CPU
	EndGlobalSection
EndGlobal
